
Microsoft Visual Studio Solution File, Format Version 12.00
Project("{FAE04EC0-301F-11D3-BF4B-00C04F79EFBC}") = "Egorov.R.11-107", "Egorov.R.11-107\Egorov.R.11-107.csproj", "{CFBECE7A-00FF-49DD-B08B-7086E7395A85}"
EndProject
Global
	GlobalSection(SolutionConfigurationPlatforms) = preSolution
		Debug|Any CPU = Debug|Any CPU
		Release|Any CPU = Release|Any CPU
	EndGlobalSection
	GlobalSection(ProjectConfigurationPlatforms) = postSolution
		{CFBECE7A-00FF-49DD-B08B-7086E7395A85}.Debug|Any CPU.ActiveCfg = Debug|Any CPU
		{CFBECE7A-00FF-49DD-B08B-7086E7395A85}.Debug|Any CPU.Build.0 = Debug|Any CPU
		{CFBECE7A-00FF-49DD-B08B-7086E7395A85}.Release|Any CPU.ActiveCfg = Release|Any CPU
		{CFBECE7A-00FF-49DD-B08B-7086E7395A85}.Release|Any CPU.Build.0 = Release|Any CPU
	EndGlobalSection
EndGlobal
